// !$*UTF8*$!
{
	archiveVersion = 1;
	classes = {
	};
	objectVersion = 77;
	objects = {

/* Begin PBXBuildFile section */
		6D0196752EAEFD69009C963E /* AppDelegate.swift in Sources */ = {isa = PBXBuildFile; fileRef = 6D01966B2EAEFD69009C963E /* AppDelegate.swift */; };
		6D0196762EAEFD69009C963E /* SceneDelegate.swift in Sources */ = {isa = PBXBuildFile; fileRef = 6D0196722EAEFD69009C963E /* SceneDelegate.swift */; };
		6D0196772EAEFD69009C963E /* NewsViewController.swift in Sources */ = {isa = PBXBuildFile; fileRef = 6D0196732EAEFD69009C963E /* NewsViewController.swift */; };
		6D0196782EAEFD69009C963E /* Assets.xcassets in Resources */ = {isa = PBXBuildFile; fileRef = 6D01966C2EAEFD69009C963E /* Assets.xcassets */; };
		6D01967A2EAEFD69009C963E /* LaunchScreen.storyboard in Resources */ = {isa = PBXBuildFile; fileRef = 6D01966F2EAEFD69009C963E /* LaunchScreen.storyboard */; };
		6D0196842EAEFF5C009C963E /* NewsViewModel.swift in Sources */ = {isa = PBXBuildFile; fileRef = 6D0196832EAEFF5C009C963E /* NewsViewModel.swift */; };
		6D0196862EAEFF7D009C963E /* WebViewController.swift in Sources */ = {isa = PBXBuildFile; fileRef = 6D0196852EAEFF7D009C963E /* WebViewController.swift */; };
		6D0196882EAF0015009C963E /* NetworkService.swift in Sources */ = {isa = PBXBuildFile; fileRef = 6D0196872EAF0015009C963E /* NetworkService.swift */; };
		6D01968D2EAF004F009C963E /* NetworkError.swift in Sources */ = {isa = PBXBuildFile; fileRef = 6D01968C2EAF004F009C963E /* NetworkError.swift */; };
		6D0196952EAF020D009C963E /* CompositionalLayout.swift in Sources */ = {isa = PBXBuildFile; fileRef = 6D0196942EAF020D009C963E /* CompositionalLayout.swift */; };
		6D0196992EAF0348009C963E /* NewsCell.swift in Sources */ = {isa = PBXBuildFile; fileRef = 6D0196982EAF0348009C963E /* NewsCell.swift */; };
		6D01969E2EAF056A009C963E /* UIView + Ext.swift in Sources */ = {isa = PBXBuildFile; fileRef = 6D01969D2EAF056A009C963E /* UIView + Ext.swift */; };
		6D0196A02EAF0C81009C963E /* NewsItem.swift in Sources */ = {isa = PBXBuildFile; fileRef = 6D01969F2EAF0C81009C963E /* NewsItem.swift */; };
		6DB455402EB1920B00B74692 /* Endpoint.swift in Sources */ = {isa = PBXBuildFile; fileRef = 6DB4553F2EB1920B00B74692 /* Endpoint.swift */; };
		6DB456472EB1991200B74692 /* RequestBuilder.swift in Sources */ = {isa = PBXBuildFile; fileRef = 6DB456462EB1991200B74692 /* RequestBuilder.swift */; };
		6DB456512EB1AC7000B74692 /* NewsView + Ext.swift in Sources */ = {isa = PBXBuildFile; fileRef = 6DB456502EB1AC7000B74692 /* NewsView + Ext.swift */; };
		6DB456562EB1B5F500B74692 /* ImageCache.swift in Sources */ = {isa = PBXBuildFile; fileRef = 6DB456552EB1B5F500B74692 /* ImageCache.swift */; };
		6DB456582EB1B62100B74692 /* UIImageView + Ext.swift in Sources */ = {isa = PBXBuildFile; fileRef = 6DB456572EB1B62100B74692 /* UIImageView + Ext.swift */; };
		6DB4565A2EB1C1EF00B74692 /* ShimmerView.swift in Sources */ = {isa = PBXBuildFile; fileRef = 6DB456592EB1C1EF00B74692 /* ShimmerView.swift */; };
		6DB4565C2EB1C45D00B74692 /* UIColor + Ext.swift in Sources */ = {isa = PBXBuildFile; fileRef = 6DB4565B2EB1C45D00B74692 /* UIColor + Ext.swift */; };
		6DB4565F2EB1D4F200B74692 /* UICollectionView + Ext.swift in Sources */ = {isa = PBXBuildFile; fileRef = 6DB4565E2EB1D4F200B74692 /* UICollectionView + Ext.swift */; };
		6DB456612EB1D5E400B74692 /* UIViewController + Ext.swift in Sources */ = {isa = PBXBuildFile; fileRef = 6DB456602EB1D5E400B74692 /* UIViewController + Ext.swift */; };
		6DB456682EB1F03F00B74692 /* WelcomeScreen.swift in Sources */ = {isa = PBXBuildFile; fileRef = 6DB456672EB1F03F00B74692 /* WelcomeScreen.swift */; };
/* End PBXBuildFile section */

/* Begin PBXFileReference section */
		6D0196332EAEFA91009C963E /* autodocNews.app */ = {isa = PBXFileReference; explicitFileType = wrapper.application; includeInIndex = 0; path = autodocNews.app; sourceTree = BUILT_PRODUCTS_DIR; };
		6D01966B2EAEFD69009C963E /* AppDelegate.swift */ = {isa = PBXFileReference; lastKnownFileType = sourcecode.swift; path = AppDelegate.swift; sourceTree = "<group>"; };
		6D01966C2EAEFD69009C963E /* Assets.xcassets */ = {isa = PBXFileReference; lastKnownFileType = folder.assetcatalog; path = Assets.xcassets; sourceTree = "<group>"; };
		6D01966D2EAEFD69009C963E /* Info.plist */ = {isa = PBXFileReference; lastKnownFileType = text.plist.xml; path = Info.plist; sourceTree = "<group>"; };
		6D01966E2EAEFD69009C963E /* Base */ = {isa = PBXFileReference; lastKnownFileType = file.storyboard; name = Base; path = Base.lproj/LaunchScreen.storyboard; sourceTree = "<group>"; };
		6D0196722EAEFD69009C963E /* SceneDelegate.swift */ = {isa = PBXFileReference; lastKnownFileType = sourcecode.swift; path = SceneDelegate.swift; sourceTree = "<group>"; };
		6D0196732EAEFD69009C963E /* NewsViewController.swift */ = {isa = PBXFileReference; lastKnownFileType = sourcecode.swift; path = NewsViewController.swift; sourceTree = "<group>"; };
		6D0196832EAEFF5C009C963E /* NewsViewModel.swift */ = {isa = PBXFileReference; lastKnownFileType = sourcecode.swift; path = NewsViewModel.swift; sourceTree = "<group>"; };
		6D0196852EAEFF7D009C963E /* WebViewController.swift */ = {isa = PBXFileReference; lastKnownFileType = sourcecode.swift; path = WebViewController.swift; sourceTree = "<group>"; };
		6D0196872EAF0015009C963E /* NetworkService.swift */ = {isa = PBXFileReference; lastKnownFileType = sourcecode.swift; path = NetworkService.swift; sourceTree = "<group>"; };
		6D01968C2EAF004F009C963E /* NetworkError.swift */ = {isa = PBXFileReference; lastKnownFileType = sourcecode.swift; path = NetworkError.swift; sourceTree = "<group>"; };
		6D0196942EAF020D009C963E /* CompositionalLayout.swift */ = {isa = PBXFileReference; lastKnownFileType = sourcecode.swift; path = CompositionalLayout.swift; sourceTree = "<group>"; };
		6D0196982EAF0348009C963E /* NewsCell.swift */ = {isa = PBXFileReference; lastKnownFileType = sourcecode.swift; path = NewsCell.swift; sourceTree = "<group>"; };
		6D01969D2EAF056A009C963E /* UIView + Ext.swift */ = {isa = PBXFileReference; lastKnownFileType = sourcecode.swift; path = "UIView + Ext.swift"; sourceTree = "<group>"; };
		6D01969F2EAF0C81009C963E /* NewsItem.swift */ = {isa = PBXFileReference; lastKnownFileType = sourcecode.swift; path = NewsItem.swift; sourceTree = "<group>"; };
		6DB4553F2EB1920B00B74692 /* Endpoint.swift */ = {isa = PBXFileReference; lastKnownFileType = sourcecode.swift; path = Endpoint.swift; sourceTree = "<group>"; };
		6DB456462EB1991200B74692 /* RequestBuilder.swift */ = {isa = PBXFileReference; lastKnownFileType = sourcecode.swift; path = RequestBuilder.swift; sourceTree = "<group>"; };
		6DB456502EB1AC7000B74692 /* NewsView + Ext.swift */ = {isa = PBXFileReference; lastKnownFileType = sourcecode.swift; path = "NewsView + Ext.swift"; sourceTree = "<group>"; };
		6DB456552EB1B5F500B74692 /* ImageCache.swift */ = {isa = PBXFileReference; lastKnownFileType = sourcecode.swift; path = ImageCache.swift; sourceTree = "<group>"; };
		6DB456572EB1B62100B74692 /* UIImageView + Ext.swift */ = {isa = PBXFileReference; lastKnownFileType = sourcecode.swift; path = "UIImageView + Ext.swift"; sourceTree = "<group>"; };
		6DB456592EB1C1EF00B74692 /* ShimmerView.swift */ = {isa = PBXFileReference; lastKnownFileType = sourcecode.swift; path = ShimmerView.swift; sourceTree = "<group>"; };
		6DB4565B2EB1C45D00B74692 /* UIColor + Ext.swift */ = {isa = PBXFileReference; lastKnownFileType = sourcecode.swift; path = "UIColor + Ext.swift"; sourceTree = "<group>"; };
		6DB4565E2EB1D4F200B74692 /* UICollectionView + Ext.swift */ = {isa = PBXFileReference; lastKnownFileType = sourcecode.swift; path = "UICollectionView + Ext.swift"; sourceTree = "<group>"; };
		6DB456602EB1D5E400B74692 /* UIViewController + Ext.swift */ = {isa = PBXFileReference; lastKnownFileType = sourcecode.swift; path = "UIViewController + Ext.swift"; sourceTree = "<group>"; };
		6DB456672EB1F03F00B74692 /* WelcomeScreen.swift */ = {isa = PBXFileReference; lastKnownFileType = sourcecode.swift; path = WelcomeScreen.swift; sourceTree = "<group>"; };
/* End PBXFileReference section */

/* Begin PBXFrameworksBuildPhase section */
		6D0196302EAEFA91009C963E /* Frameworks */ = {
			isa = PBXFrameworksBuildPhase;
			buildActionMask = 2147483647;
			files = (
			);
			runOnlyForDeploymentPostprocessing = 0;
		};
/* End PBXFrameworksBuildPhase section */

/* Begin PBXGroup section */
		6D01962A2EAEFA91009C963E = {
			isa = PBXGroup;
			children = (
				6D0196742EAEFD69009C963E /* autodocNews */,
				6D0196342EAEFA91009C963E /* Products */,
			);
			sourceTree = "<group>";
		};
		6D0196342EAEFA91009C963E /* Products */ = {
			isa = PBXGroup;
			children = (
				6D0196332EAEFA91009C963E /* autodocNews.app */,
			);
			name = Products;
			sourceTree = "<group>";
		};
		6D0196742EAEFD69009C963E /* autodocNews */ = {
			isa = PBXGroup;
			children = (
				6D01967C2EAEFD73009C963E /* Application */,
				6D01967F2EAEFED4009C963E /* Services */,
				6D0196802EAEFEEC009C963E /* Models */,
				6D01967E2EAEFEC8009C963E /* Modules */,
				6D01968F2EAF006F009C963E /* Helppers */,
				6D01967D2EAEFE56009C963E /* SupportingFiles */,
			);
			path = autodocNews;
			sourceTree = "<group>";
		};
		6D01967C2EAEFD73009C963E /* Application */ = {
			isa = PBXGroup;
			children = (
				6D01966B2EAEFD69009C963E /* AppDelegate.swift */,
				6D0196722EAEFD69009C963E /* SceneDelegate.swift */,
			);
			path = Application;
			sourceTree = "<group>";
		};
		6D01967D2EAEFE56009C963E /* SupportingFiles */ = {
			isa = PBXGroup;
			children = (
				6D01966C2EAEFD69009C963E /* Assets.xcassets */,
				6D01966D2EAEFD69009C963E /* Info.plist */,
				6D01966F2EAEFD69009C963E /* LaunchScreen.storyboard */,
			);
			path = SupportingFiles;
			sourceTree = "<group>";
		};
		6D01967E2EAEFEC8009C963E /* Modules */ = {
			isa = PBXGroup;
			children = (
				6DB456662EB1F02F00B74692 /* WelcomScreen */,
				6D0196812EAEFF11009C963E /* News */,
				6D0196822EAEFF22009C963E /* WebView */,
			);
			path = Modules;
			sourceTree = "<group>";
		};
		6D01967F2EAEFED4009C963E /* Services */ = {
			isa = PBXGroup;
			children = (
				6D01968B2EAF003B009C963E /* Network */,
				6D01968E2EAF0059009C963E /* Cache */,
			);
			path = Services;
			sourceTree = "<group>";
		};
		6D0196802EAEFEEC009C963E /* Models */ = {
			isa = PBXGroup;
			children = (
				6D01969F2EAF0C81009C963E /* NewsItem.swift */,
			);
			path = Models;
			sourceTree = "<group>";
		};
		6D0196812EAEFF11009C963E /* News */ = {
			isa = PBXGroup;
			children = (
				6DB456522EB1AC7700B74692 /* NewsViewController */,
				6D0196832EAEFF5C009C963E /* NewsViewModel.swift */,
				6D0196982EAF0348009C963E /* NewsCell.swift */,
			);
			path = News;
			sourceTree = "<group>";
		};
		6D0196822EAEFF22009C963E /* WebView */ = {
			isa = PBXGroup;
			children = (
				6D0196852EAEFF7D009C963E /* WebViewController.swift */,
			);
			path = WebView;
			sourceTree = "<group>";
		};
		6D01968B2EAF003B009C963E /* Network */ = {
			isa = PBXGroup;
			children = (
				6D0196872EAF0015009C963E /* NetworkService.swift */,
				6D01968C2EAF004F009C963E /* NetworkError.swift */,
				6DB4553F2EB1920B00B74692 /* Endpoint.swift */,
				6DB456462EB1991200B74692 /* RequestBuilder.swift */,
			);
			path = Network;
			sourceTree = "<group>";
		};
		6D01968E2EAF0059009C963E /* Cache */ = {
			isa = PBXGroup;
			children = (
				6DB456552EB1B5F500B74692 /* ImageCache.swift */,
			);
			path = Cache;
			sourceTree = "<group>";
		};
		6D01968F2EAF006F009C963E /* Helppers */ = {
			isa = PBXGroup;
			children = (
				6DB4565D2EB1CD7100B74692 /* Components */,
				6D0196932EAF0188009C963E /* UIKit */,
			);
			path = Helppers;
			sourceTree = "<group>";
		};
		6D0196932EAF0188009C963E /* UIKit */ = {
			isa = PBXGroup;
			children = (
				6DB456572EB1B62100B74692 /* UIImageView + Ext.swift */,
				6D01969D2EAF056A009C963E /* UIView + Ext.swift */,
				6DB4565B2EB1C45D00B74692 /* UIColor + Ext.swift */,
				6DB4565E2EB1D4F200B74692 /* UICollectionView + Ext.swift */,
				6DB456602EB1D5E400B74692 /* UIViewController + Ext.swift */,
			);
			path = UIKit;
			sourceTree = "<group>";
		};
		6DB456522EB1AC7700B74692 /* NewsViewController */ = {
			isa = PBXGroup;
			children = (
				6D0196732EAEFD69009C963E /* NewsViewController.swift */,
				6DB456502EB1AC7000B74692 /* NewsView + Ext.swift */,
				6D0196942EAF020D009C963E /* CompositionalLayout.swift */,
			);
			path = NewsViewController;
			sourceTree = "<group>";
		};
		6DB4565D2EB1CD7100B74692 /* Components */ = {
			isa = PBXGroup;
			children = (
				6DB456592EB1C1EF00B74692 /* ShimmerView.swift */,
			);
			path = Components;
			sourceTree = "<group>";
		};
		6DB456662EB1F02F00B74692 /* WelcomScreen */ = {
			isa = PBXGroup;
			children = (
				6DB456672EB1F03F00B74692 /* WelcomeScreen.swift */,
			);
			path = WelcomScreen;
			sourceTree = "<group>";
		};
/* End PBXGroup section */

/* Begin PBXNativeTarget section */
		6D0196322EAEFA91009C963E /* autodocNews */ = {
			isa = PBXNativeTarget;
			buildConfigurationList = 6D0196462EAEFA92009C963E /* Build configuration list for PBXNativeTarget "autodocNews" */;
			buildPhases = (
				6D01962F2EAEFA91009C963E /* Sources */,
				6D0196302EAEFA91009C963E /* Frameworks */,
				6D0196312EAEFA91009C963E /* Resources */,
			);
			buildRules = (
			);
			dependencies = (
			);
			name = autodocNews;
			packageProductDependencies = (
			);
			productName = autodocNews;
			productReference = 6D0196332EAEFA91009C963E /* autodocNews.app */;
			productType = "com.apple.product-type.application";
		};
/* End PBXNativeTarget section */

/* Begin PBXProject section */
		6D01962B2EAEFA91009C963E /* Project object */ = {
			isa = PBXProject;
			attributes = {
				BuildIndependentTargetsInParallel = 1;
				LastSwiftUpdateCheck = 2600;
				LastUpgradeCheck = 2600;
				TargetAttributes = {
					6D0196322EAEFA91009C963E = {
						CreatedOnToolsVersion = 26.0.1;
					};
				};
			};
			buildConfigurationList = 6D01962E2EAEFA91009C963E /* Build configuration list for PBXProject "autodocNews" */;
			developmentRegion = en;
			hasScannedForEncodings = 0;
			knownRegions = (
				en,
				Base,
			);
			mainGroup = 6D01962A2EAEFA91009C963E;
			minimizedProjectReferenceProxies = 1;
			preferredProjectObjectVersion = 77;
			productRefGroup = 6D0196342EAEFA91009C963E /* Products */;
			projectDirPath = "";
			projectRoot = "";
			targets = (
				6D0196322EAEFA91009C963E /* autodocNews */,
			);
		};
/* End PBXProject section */

/* Begin PBXResourcesBuildPhase section */
		6D0196312EAEFA91009C963E /* Resources */ = {
			isa = PBXResourcesBuildPhase;
			buildActionMask = 2147483647;
			files = (
				6D0196782EAEFD69009C963E /* Assets.xcassets in Resources */,
				6D01967A2EAEFD69009C963E /* LaunchScreen.storyboard in Resources */,
			);
			runOnlyForDeploymentPostprocessing = 0;
		};
/* End PBXResourcesBuildPhase section */

/* Begin PBXSourcesBuildPhase section */
		6D01962F2EAEFA91009C963E /* Sources */ = {
			isa = PBXSourcesBuildPhase;
			buildActionMask = 2147483647;
			files = (
				6D0196752EAEFD69009C963E /* AppDelegate.swift in Sources */,
				6D0196A02EAF0C81009C963E /* NewsItem.swift in Sources */,
				6DB456582EB1B62100B74692 /* UIImageView + Ext.swift in Sources */,
				6DB4565A2EB1C1EF00B74692 /* ShimmerView.swift in Sources */,
				6D01968D2EAF004F009C963E /* NetworkError.swift in Sources */,
				6D0196762EAEFD69009C963E /* SceneDelegate.swift in Sources */,
				6D0196772EAEFD69009C963E /* NewsViewController.swift in Sources */,
				6DB4565F2EB1D4F200B74692 /* UICollectionView + Ext.swift in Sources */,
				6DB456612EB1D5E400B74692 /* UIViewController + Ext.swift in Sources */,
				6D0196862EAEFF7D009C963E /* WebViewController.swift in Sources */,
				6DB4565C2EB1C45D00B74692 /* UIColor + Ext.swift in Sources */,
				6D01969E2EAF056A009C963E /* UIView + Ext.swift in Sources */,
				6DB456562EB1B5F500B74692 /* ImageCache.swift in Sources */,
				6D0196882EAF0015009C963E /* NetworkService.swift in Sources */,
				6DB455402EB1920B00B74692 /* Endpoint.swift in Sources */,
				6D0196842EAEFF5C009C963E /* NewsViewModel.swift in Sources */,
				6D0196952EAF020D009C963E /* CompositionalLayout.swift in Sources */,
				6D0196992EAF0348009C963E /* NewsCell.swift in Sources */,
				6DB456682EB1F03F00B74692 /* WelcomeScreen.swift in Sources */,
				6DB456512EB1AC7000B74692 /* NewsView + Ext.swift in Sources */,
				6DB456472EB1991200B74692 /* RequestBuilder.swift in Sources */,
			);
			runOnlyForDeploymentPostprocessing = 0;
		};
/* End PBXSourcesBuildPhase section */

/* Begin PBXVariantGroup section */
		6D01966F2EAEFD69009C963E /* LaunchScreen.storyboard */ = {
			isa = PBXVariantGroup;
			children = (
				6D01966E2EAEFD69009C963E /* Base */,
			);
			name = LaunchScreen.storyboard;
			sourceTree = "<group>";
		};
/* End PBXVariantGroup section */

/* Begin XCBuildConfiguration section */
		6D0196472EAEFA92009C963E /* Debug */ = {
			isa = XCBuildConfiguration;
			buildSettings = {
				ASSETCATALOG_COMPILER_APPICON_NAME = AppIcon;
				ASSETCATALOG_COMPILER_GLOBAL_ACCENT_COLOR_NAME = AccentColor;
				CODE_SIGN_STYLE = Automatic;
				CURRENT_PROJECT_VERSION = 1;
				DEVELOPMENT_TEAM = T6NP5VY79P;
				GENERATE_INFOPLIST_FILE = YES;
				INFOPLIST_FILE = autodocNews/SupportingFiles/Info.plist;
				INFOPLIST_KEY_UIApplicationSupportsIndirectInputEvents = YES;
				INFOPLIST_KEY_UILaunchStoryboardName = LaunchScreen;
				INFOPLIST_KEY_UISupportedInterfaceOrientations_iPad = "UIInterfaceOrientationPortrait UIInterfaceOrientationPortraitUpsideDown UIInterfaceOrientationLandscapeLeft UIInterfaceOrientationLandscapeRight";
				INFOPLIST_KEY_UISupportedInterfaceOrientations_iPhone = "UIInterfaceOrientationPortrait UIInterfaceOrientationLandscapeLeft UIInterfaceOrientationLandscapeRight";
				IPHONEOS_DEPLOYMENT_TARGET = 16;
				LD_RUNPATH_SEARCH_PATHS = (
					"$(inherited)",
					"@executable_path/Frameworks",
				);
				MARKETING_VERSION = 1.0;
				PRODUCT_BUNDLE_IDENTIFIER = abayellow.autodocNews;
				PRODUCT_NAME = "$(TARGET_NAME)";
				STRING_CATALOG_GENERATE_SYMBOLS = YES;
				SWIFT_APPROACHABLE_CONCURRENCY = YES;
				SWIFT_DEFAULT_ACTOR_ISOLATION = MainActor;
				SWIFT_EMIT_LOC_STRINGS = YES;
				SWIFT_UPCOMING_FEATURE_MEMBER_IMPORT_VISIBILITY = YES;
				SWIFT_VERSION = 5.0;
				TARGETED_DEVICE_FAMILY = "1,2";
			};
			name = Debug;
		};
		6D0196482EAEFA92009C963E /* Release */ = {
			isa = XCBuildConfiguration;
			buildSettings = {
				ASSETCATALOG_COMPILER_APPICON_NAME = AppIcon;
				ASSETCATALOG_COMPILER_GLOBAL_ACCENT_COLOR_NAME = AccentColor;
				CODE_SIGN_STYLE = Automatic;
				CURRENT_PROJECT_VERSION = 1;
				DEVELOPMENT_TEAM = T6NP5VY79P;
				GENERATE_INFOPLIST_FILE = YES;
				INFOPLIST_FILE = autodocNews/SupportingFiles/Info.plist;
				INFOPLIST_KEY_UIApplicationSupportsIndirectInputEvents = YES;
				INFOPLIST_KEY_UILaunchStoryboardName = LaunchScreen;
				INFOPLIST_KEY_UISupportedInterfaceOrientations_iPad = "UIInterfaceOrientationPortrait UIInterfaceOrientationPortraitUpsideDown UIInterfaceOrientationLandscapeLeft UIInterfaceOrientationLandscapeRight";
				INFOPLIST_KEY_UISupportedInterfaceOrientations_iPhone = "UIInterfaceOrientationPortrait UIInterfaceOrientationLandscapeLeft UIInterfaceOrientationLandscapeRight";
				IPHONEOS_DEPLOYMENT_TARGET = 16;
				LD_RUNPATH_SEARCH_PATHS = (
					"$(inherited)",
					"@executable_path/Frameworks",
				);
				MARKETING_VERSION = 1.0;
				PRODUCT_BUNDLE_IDENTIFIER = abayellow.autodocNews;
				PRODUCT_NAME = "$(TARGET_NAME)";
				STRING_CATALOG_GENERATE_SYMBOLS = YES;
				SWIFT_APPROACHABLE_CONCURRENCY = YES;
				SWIFT_DEFAULT_ACTOR_ISOLATION = MainActor;
				SWIFT_EMIT_LOC_STRINGS = YES;
				SWIFT_UPCOMING_FEATURE_MEMBER_IMPORT_VISIBILITY = YES;
				SWIFT_VERSION = 5.0;
				TARGETED_DEVICE_FAMILY = "1,2";
			};
			name = Release;
		};
		6D0196492EAEFA92009C963E /* Debug */ = {
			isa = XCBuildConfiguration;
			buildSettings = {
				ALWAYS_SEARCH_USER_PATHS = NO;
				ASSETCATALOG_COMPILER_GENERATE_SWIFT_ASSET_SYMBOL_EXTENSIONS = YES;
				CLANG_ANALYZER_NONNULL = YES;
				CLANG_ANALYZER_NUMBER_OBJECT_CONVERSION = YES_AGGRESSIVE;
				CLANG_CXX_LANGUAGE_STANDARD = "gnu++20";
				CLANG_ENABLE_MODULES = YES;
				CLANG_ENABLE_OBJC_ARC = YES;
				CLANG_ENABLE_OBJC_WEAK = YES;
				CLANG_WARN_BLOCK_CAPTURE_AUTORELEASING = YES;
				CLANG_WARN_BOOL_CONVERSION = YES;
				CLANG_WARN_COMMA = YES;
				CLANG_WARN_CONSTANT_CONVERSION = YES;
				CLANG_WARN_DEPRECATED_OBJC_IMPLEMENTATIONS = YES;
				CLANG_WARN_DIRECT_OBJC_ISA_USAGE = YES_ERROR;
				CLANG_WARN_DOCUMENTATION_COMMENTS = YES;
				CLANG_WARN_EMPTY_BODY = YES;
				CLANG_WARN_ENUM_CONVERSION = YES;
				CLANG_WARN_INFINITE_RECURSION = YES;
				CLANG_WARN_INT_CONVERSION = YES;
				CLANG_WARN_NON_LITERAL_NULL_CONVERSION = YES;
				CLANG_WARN_OBJC_IMPLICIT_RETAIN_SELF = YES;
				CLANG_WARN_OBJC_LITERAL_CONVERSION = YES;
				CLANG_WARN_OBJC_ROOT_CLASS = YES_ERROR;
				CLANG_WARN_QUOTED_INCLUDE_IN_FRAMEWORK_HEADER = YES;
				CLANG_WARN_RANGE_LOOP_ANALYSIS = YES;
				CLANG_WARN_STRICT_PROTOTYPES = YES;
				CLANG_WARN_SUSPICIOUS_MOVE = YES;
				CLANG_WARN_UNGUARDED_AVAILABILITY = YES_AGGRESSIVE;
				CLANG_WARN_UNREACHABLE_CODE = YES;
				CLANG_WARN__DUPLICATE_METHOD_MATCH = YES;
				COPY_PHASE_STRIP = NO;
				DEBUG_INFORMATION_FORMAT = dwarf;
				ENABLE_STRICT_OBJC_MSGSEND = YES;
				ENABLE_TESTABILITY = YES;
				ENABLE_USER_SCRIPT_SANDBOXING = YES;
				GCC_C_LANGUAGE_STANDARD = gnu17;
				GCC_DYNAMIC_NO_PIC = NO;
				GCC_NO_COMMON_BLOCKS = YES;
				GCC_OPTIMIZATION_LEVEL = 0;
				GCC_PREPROCESSOR_DEFINITIONS = (
					"DEBUG=1",
					"$(inherited)",
				);
				GCC_WARN_64_TO_32_BIT_CONVERSION = YES;
				GCC_WARN_ABOUT_RETURN_TYPE = YES_ERROR;
				GCC_WARN_UNDECLARED_SELECTOR = YES;
				GCC_WARN_UNINITIALIZED_AUTOS = YES_AGGRESSIVE;
				GCC_WARN_UNUSED_FUNCTION = YES;
				GCC_WARN_UNUSED_VARIABLE = YES;
				IPHONEOS_DEPLOYMENT_TARGET = 26.0;
				LOCALIZATION_PREFERS_STRING_CATALOGS = YES;
				MTL_ENABLE_DEBUG_INFO = INCLUDE_SOURCE;
				MTL_FAST_MATH = YES;
				ONLY_ACTIVE_ARCH = YES;
				SDKROOT = iphoneos;
				SWIFT_ACTIVE_COMPILATION_CONDITIONS = "DEBUG $(inherited)";
				SWIFT_OPTIMIZATION_LEVEL = "-Onone";
			};
			name = Debug;
		};
		6D01964A2EAEFA92009C963E /* Release */ = {
			isa = XCBuildConfiguration;
			buildSettings = {
				ALWAYS_SEARCH_USER_PATHS = NO;
				ASSETCATALOG_COMPILER_GENERATE_SWIFT_ASSET_SYMBOL_EXTENSIONS = YES;
				CLANG_ANALYZER_NONNULL = YES;
				CLANG_ANALYZER_NUMBER_OBJECT_CONVERSION = YES_AGGRESSIVE;
				CLANG_CXX_LANGUAGE_STANDARD = "gnu++20";
				CLANG_ENABLE_MODULES = YES;
				CLANG_ENABLE_OBJC_ARC = YES;
				CLANG_ENABLE_OBJC_WEAK = YES;
				CLANG_WARN_BLOCK_CAPTURE_AUTORELEASING = YES;
				CLANG_WARN_BOOL_CONVERSION = YES;
				CLANG_WARN_COMMA = YES;
				CLANG_WARN_CONSTANT_CONVERSION = YES;
				CLANG_WARN_DEPRECATED_OBJC_IMPLEMENTATIONS = YES;
				CLANG_WARN_DIRECT_OBJC_ISA_USAGE = YES_ERROR;
				CLANG_WARN_DOCUMENTATION_COMMENTS = YES;
				CLANG_WARN_EMPTY_BODY = YES;
				CLANG_WARN_ENUM_CONVERSION = YES;
				CLANG_WARN_INFINITE_RECURSION = YES;
				CLANG_WARN_INT_CONVERSION = YES;
				CLANG_WARN_NON_LITERAL_NULL_CONVERSION = YES;
				CLANG_WARN_OBJC_IMPLICIT_RETAIN_SELF = YES;
				CLANG_WARN_OBJC_LITERAL_CONVERSION = YES;
				CLANG_WARN_OBJC_ROOT_CLASS = YES_ERROR;
				CLANG_WARN_QUOTED_INCLUDE_IN_FRAMEWORK_HEADER = YES;
				CLANG_WARN_RANGE_LOOP_ANALYSIS = YES;
				CLANG_WARN_STRICT_PROTOTYPES = YES;
				CLANG_WARN_SUSPICIOUS_MOVE = YES;
				CLANG_WARN_UNGUARDED_AVAILABILITY = YES_AGGRESSIVE;
				CLANG_WARN_UNREACHABLE_CODE = YES;
				CLANG_WARN__DUPLICATE_METHOD_MATCH = YES;
				COPY_PHASE_STRIP = NO;
				DEBUG_INFORMATION_FORMAT = "dwarf-with-dsym";
				ENABLE_NS_ASSERTIONS = NO;
				ENABLE_STRICT_OBJC_MSGSEND = YES;
				ENABLE_USER_SCRIPT_SANDBOXING = YES;
				GCC_C_LANGUAGE_STANDARD = gnu17;
				GCC_NO_COMMON_BLOCKS = YES;
				GCC_WARN_64_TO_32_BIT_CONVERSION = YES;
				GCC_WARN_ABOUT_RETURN_TYPE = YES_ERROR;
				GCC_WARN_UNDECLARED_SELECTOR = YES;
				GCC_WARN_UNINITIALIZED_AUTOS = YES_AGGRESSIVE;
				GCC_WARN_UNUSED_FUNCTION = YES;
				GCC_WARN_UNUSED_VARIABLE = YES;
				IPHONEOS_DEPLOYMENT_TARGET = 26.0;
				LOCALIZATION_PREFERS_STRING_CATALOGS = YES;
				MTL_ENABLE_DEBUG_INFO = NO;
				MTL_FAST_MATH = YES;
				SDKROOT = iphoneos;
				SWIFT_COMPILATION_MODE = wholemodule;
				VALIDATE_PRODUCT = YES;
			};
			name = Release;
		};
/* End XCBuildConfiguration section */

/* Begin XCConfigurationList section */
		6D01962E2EAEFA91009C963E /* Build configuration list for PBXProject "autodocNews" */ = {
			isa = XCConfigurationList;
			buildConfigurations = (
				6D0196492EAEFA92009C963E /* Debug */,
				6D01964A2EAEFA92009C963E /* Release */,
			);
			defaultConfigurationIsVisible = 0;
			defaultConfigurationName = Release;
		};
		6D0196462EAEFA92009C963E /* Build configuration list for PBXNativeTarget "autodocNews" */ = {
			isa = XCConfigurationList;
			buildConfigurations = (
				6D0196472EAEFA92009C963E /* Debug */,
				6D0196482EAEFA92009C963E /* Release */,
			);
			defaultConfigurationIsVisible = 0;
			defaultConfigurationName = Release;
		};
/* End XCConfigurationList section */
	};
	rootObject = 6D01962B2EAEFA91009C963E /* Project object */;
}
